
Microsoft Visual Studio Solution File, Format Version 12.00
# Visual Studio Version 17
VisualStudioVersion = 17.2.32616.157
MinimumVisualStudioVersion = 10.0.40219.1
Project("{FAE04EC0-301F-11D3-BF4B-00C04F79EFBC}") = "WpfApp3", "WpfApp3\WpfApp3.csproj", "{3561B801-CEE6-44FD-A6F0-F8FD41C2A26D}"
EndProject
Global
	GlobalSection(SolutionConfigurationPlatforms) = preSolution
		Debug|Any CPU = Debug|Any CPU
		Release|Any CPU = Release|Any CPU
	EndGlobalSection
	GlobalSection(ProjectConfigurationPlatforms) = postSolution
		{3561B801-CEE6-44FD-A6F0-F8FD41C2A26D}.Debug|Any CPU.ActiveCfg = Debug|Any CPU
		{3561B801-CEE6-44FD-A6F0-F8FD41C2A26D}.Debug|Any CPU.Build.0 = Debug|Any CPU
		{3561B801-CEE6-44FD-A6F0-F8FD41C2A26D}.Release|Any CPU.ActiveCfg = Release|Any CPU
		{3561B801-CEE6-44FD-A6F0-F8FD41C2A26D}.Release|Any CPU.Build.0 = Release|Any CPU
	EndGlobalSection
	GlobalSection(SolutionProperties) = preSolution
		HideSolutionNode = FALSE
	EndGlobalSection
	GlobalSection(ExtensibilityGlobals) = postSolution
		SolutionGuid = {0A0CAFE2-B5AF-4543-BF1E-D4CDC6BF4F26}
	EndGlobalSection
EndGlobal
